
Microsoft Visual Studio Solution File, Format Version 12.00
# Visual Studio Version 17
VisualStudioVersion = 17.14.36623.8 d17.14
MinimumVisualStudioVersion = 10.0.40219.1
Project("{FAE04EC0-301F-11D3-BF4B-00C04F79EFBC}") = "KawaiRun2Launcher", "KawaiRun2Launcher.csproj", "{3C3EB528-411F-457A-891E-E60E90387157}"
EndProject
Global
	GlobalSection(SolutionConfigurationPlatforms) = preSolution
		Debug|Any CPU = Debug|Any CPU
		Release|Any CPU = Release|Any CPU
	EndGlobalSection
	GlobalSection(ProjectConfigurationPlatforms) = postSolution
		{3C3EB528-411F-457A-891E-E60E90387157}.Debug|Any CPU.ActiveCfg = Debug|Any CPU
		{3C3EB528-411F-457A-891E-E60E90387157}.Debug|Any CPU.Build.0 = Debug|Any CPU
		{3C3EB528-411F-457A-891E-E60E90387157}.Release|Any CPU.ActiveCfg = Release|Any CPU
		{3C3EB528-411F-457A-891E-E60E90387157}.Release|Any CPU.Build.0 = Release|Any CPU
	EndGlobalSection
	GlobalSection(SolutionProperties) = preSolution
		HideSolutionNode = FALSE
	EndGlobalSection
	GlobalSection(ExtensibilityGlobals) = postSolution
		SolutionGuid = {DBEDA3BF-0740-4229-B52A-DA7127F7279E}
	EndGlobalSection
EndGlobal
